
Microsoft Visual Studio Solution File, Format Version 12.00
# Visual Studio 14
VisualStudioVersion = 14.0.23107.0
MinimumVisualStudioVersion = 10.0.40219.1
Project("{FAE04EC0-301F-11D3-BF4B-00C04F79EFBC}") = "2DV610", "2DV610\2DV610.csproj", "{7179911C-1497-4300-8198-F98FD927C034}"
EndProject
Project("{FAE04EC0-301F-11D3-BF4B-00C04F79EFBC}") = "2DV610.Test", "2DV610.Test\2DV610.Test.csproj", "{A80CA429-B837-4EFD-8513-0E81ABD780B3}"
EndProject
Global
	GlobalSection(SolutionConfigurationPlatforms) = preSolution
		Debug|ARM = Debug|ARM
		Debug|x64 = Debug|x64
		Debug|x86 = Debug|x86
		Release|ARM = Release|ARM
		Release|x64 = Release|x64
		Release|x86 = Release|x86
	EndGlobalSection
	GlobalSection(ProjectConfigurationPlatforms) = postSolution
		{7179911C-1497-4300-8198-F98FD927C034}.Debug|ARM.ActiveCfg = Debug|ARM
		{7179911C-1497-4300-8198-F98FD927C034}.Debug|ARM.Build.0 = Debug|ARM
		{7179911C-1497-4300-8198-F98FD927C034}.Debug|ARM.Deploy.0 = Debug|ARM
		{7179911C-1497-4300-8198-F98FD927C034}.Debug|x64.ActiveCfg = Debug|x64
		{7179911C-1497-4300-8198-F98FD927C034}.Debug|x64.Build.0 = Debug|x64
		{7179911C-1497-4300-8198-F98FD927C034}.Debug|x64.Deploy.0 = Debug|x64
		{7179911C-1497-4300-8198-F98FD927C034}.Debug|x86.ActiveCfg = Debug|x86
		{7179911C-1497-4300-8198-F98FD927C034}.Debug|x86.Build.0 = Debug|x86
		{7179911C-1497-4300-8198-F98FD927C034}.Debug|x86.Deploy.0 = Debug|x86
		{7179911C-1497-4300-8198-F98FD927C034}.Release|ARM.ActiveCfg = Release|ARM
		{7179911C-1497-4300-8198-F98FD927C034}.Release|ARM.Build.0 = Release|ARM
		{7179911C-1497-4300-8198-F98FD927C034}.Release|ARM.Deploy.0 = Release|ARM
		{7179911C-1497-4300-8198-F98FD927C034}.Release|x64.ActiveCfg = Release|x64
		{7179911C-1497-4300-8198-F98FD927C034}.Release|x64.Build.0 = Release|x64
		{7179911C-1497-4300-8198-F98FD927C034}.Release|x64.Deploy.0 = Release|x64
		{7179911C-1497-4300-8198-F98FD927C034}.Release|x86.ActiveCfg = Release|x86
		{7179911C-1497-4300-8198-F98FD927C034}.Release|x86.Build.0 = Release|x86
		{7179911C-1497-4300-8198-F98FD927C034}.Release|x86.Deploy.0 = Release|x86
		{A80CA429-B837-4EFD-8513-0E81ABD780B3}.Debug|ARM.ActiveCfg = Debug|ARM
		{A80CA429-B837-4EFD-8513-0E81ABD780B3}.Debug|ARM.Build.0 = Debug|ARM
		{A80CA429-B837-4EFD-8513-0E81ABD780B3}.Debug|ARM.Deploy.0 = Debug|ARM
		{A80CA429-B837-4EFD-8513-0E81ABD780B3}.Debug|x64.ActiveCfg = Debug|x64
		{A80CA429-B837-4EFD-8513-0E81ABD780B3}.Debug|x64.Build.0 = Debug|x64
		{A80CA429-B837-4EFD-8513-0E81ABD780B3}.Debug|x64.Deploy.0 = Debug|x64
		{A80CA429-B837-4EFD-8513-0E81ABD780B3}.Debug|x86.ActiveCfg = Debug|x86
		{A80CA429-B837-4EFD-8513-0E81ABD780B3}.Debug|x86.Build.0 = Debug|x86
		{A80CA429-B837-4EFD-8513-0E81ABD780B3}.Debug|x86.Deploy.0 = Debug|x86
		{A80CA429-B837-4EFD-8513-0E81ABD780B3}.Release|ARM.ActiveCfg = Release|ARM
		{A80CA429-B837-4EFD-8513-0E81ABD780B3}.Release|ARM.Build.0 = Release|ARM
		{A80CA429-B837-4EFD-8513-0E81ABD780B3}.Release|ARM.Deploy.0 = Release|ARM
		{A80CA429-B837-4EFD-8513-0E81ABD780B3}.Release|x64.ActiveCfg = Release|x64
		{A80CA429-B837-4EFD-8513-0E81ABD780B3}.Release|x64.Build.0 = Release|x64
		{A80CA429-B837-4EFD-8513-0E81ABD780B3}.Release|x64.Deploy.0 = Release|x64
		{A80CA429-B837-4EFD-8513-0E81ABD780B3}.Release|x86.ActiveCfg = Release|x86
		{A80CA429-B837-4EFD-8513-0E81ABD780B3}.Release|x86.Build.0 = Release|x86
		{A80CA429-B837-4EFD-8513-0E81ABD780B3}.Release|x86.Deploy.0 = Release|x86
	EndGlobalSection
	GlobalSection(SolutionProperties) = preSolution
		HideSolutionNode = FALSE
	EndGlobalSection
EndGlobal
